
Microsoft Visual Studio Solution File, Format Version 12.00
# Visual Studio Version 17
VisualStudioVersion = 17.14.36616.10
MinimumVisualStudioVersion = 10.0.40219.1
Project("{8BC9CEB8-8B4A-11D0-8D11-00A0C91BC942}") = "GameCoding", "GameCoding\GameCoding.vcxproj", "{B1054441-5AC5-4876-815E-E5FBFB92031C}"
EndProject
Project("{8BC9CEB8-8B4A-11D0-8D11-00A0C91BC942}") = "DummyClient", "DummyClient\DummyClient.vcxproj", "{72D34187-B19D-4D35-9E91-F96B0867F1B4}"
EndProject
Project("{8BC9CEB8-8B4A-11D0-8D11-00A0C91BC942}") = "ServerCore", "ServerCore\ServerCore.vcxproj", "{C569CE49-4EC1-4AEF-AC07-BA1535D370B6}"
EndProject
Project("{8BC9CEB8-8B4A-11D0-8D11-00A0C91BC942}") = "Server", "Server\Server.vcxproj", "{CDF19C4C-D762-48E7-9F4C-74D45B16AD8F}"
EndProject
Global
	GlobalSection(SolutionConfigurationPlatforms) = preSolution
		Debug|x64 = Debug|x64
		Debug|x86 = Debug|x86
		Release|x64 = Release|x64
		Release|x86 = Release|x86
	EndGlobalSection
	GlobalSection(ProjectConfigurationPlatforms) = postSolution
		{B1054441-5AC5-4876-815E-E5FBFB92031C}.Debug|x64.ActiveCfg = Debug|x64
		{B1054441-5AC5-4876-815E-E5FBFB92031C}.Debug|x64.Build.0 = Debug|x64
		{B1054441-5AC5-4876-815E-E5FBFB92031C}.Debug|x86.ActiveCfg = Debug|Win32
		{B1054441-5AC5-4876-815E-E5FBFB92031C}.Debug|x86.Build.0 = Debug|Win32
		{B1054441-5AC5-4876-815E-E5FBFB92031C}.Release|x64.ActiveCfg = Release|x64
		{B1054441-5AC5-4876-815E-E5FBFB92031C}.Release|x64.Build.0 = Release|x64
		{B1054441-5AC5-4876-815E-E5FBFB92031C}.Release|x86.ActiveCfg = Release|Win32
		{B1054441-5AC5-4876-815E-E5FBFB92031C}.Release|x86.Build.0 = Release|Win32
		{72D34187-B19D-4D35-9E91-F96B0867F1B4}.Debug|x64.ActiveCfg = Debug|x64
		{72D34187-B19D-4D35-9E91-F96B0867F1B4}.Debug|x64.Build.0 = Debug|x64
		{72D34187-B19D-4D35-9E91-F96B0867F1B4}.Debug|x86.ActiveCfg = Debug|Win32
		{72D34187-B19D-4D35-9E91-F96B0867F1B4}.Debug|x86.Build.0 = Debug|Win32
		{72D34187-B19D-4D35-9E91-F96B0867F1B4}.Release|x64.ActiveCfg = Release|x64
		{72D34187-B19D-4D35-9E91-F96B0867F1B4}.Release|x64.Build.0 = Release|x64
		{72D34187-B19D-4D35-9E91-F96B0867F1B4}.Release|x86.ActiveCfg = Release|Win32
		{72D34187-B19D-4D35-9E91-F96B0867F1B4}.Release|x86.Build.0 = Release|Win32
		{C569CE49-4EC1-4AEF-AC07-BA1535D370B6}.Debug|x64.ActiveCfg = Debug|x64
		{C569CE49-4EC1-4AEF-AC07-BA1535D370B6}.Debug|x64.Build.0 = Debug|x64
		{C569CE49-4EC1-4AEF-AC07-BA1535D370B6}.Debug|x86.ActiveCfg = Debug|Win32
		{C569CE49-4EC1-4AEF-AC07-BA1535D370B6}.Debug|x86.Build.0 = Debug|Win32
		{C569CE49-4EC1-4AEF-AC07-BA1535D370B6}.Release|x64.ActiveCfg = Release|x64
		{C569CE49-4EC1-4AEF-AC07-BA1535D370B6}.Release|x64.Build.0 = Release|x64
		{C569CE49-4EC1-4AEF-AC07-BA1535D370B6}.Release|x86.ActiveCfg = Release|Win32
		{C569CE49-4EC1-4AEF-AC07-BA1535D370B6}.Release|x86.Build.0 = Release|Win32
		{CDF19C4C-D762-48E7-9F4C-74D45B16AD8F}.Debug|x64.ActiveCfg = Debug|x64
		{CDF19C4C-D762-48E7-9F4C-74D45B16AD8F}.Debug|x64.Build.0 = Debug|x64
		{CDF19C4C-D762-48E7-9F4C-74D45B16AD8F}.Debug|x86.ActiveCfg = Debug|Win32
		{CDF19C4C-D762-48E7-9F4C-74D45B16AD8F}.Debug|x86.Build.0 = Debug|Win32
		{CDF19C4C-D762-48E7-9F4C-74D45B16AD8F}.Release|x64.ActiveCfg = Release|x64
		{CDF19C4C-D762-48E7-9F4C-74D45B16AD8F}.Release|x64.Build.0 = Release|x64
		{CDF19C4C-D762-48E7-9F4C-74D45B16AD8F}.Release|x86.ActiveCfg = Release|Win32
		{CDF19C4C-D762-48E7-9F4C-74D45B16AD8F}.Release|x86.Build.0 = Release|Win32
	EndGlobalSection
	GlobalSection(SolutionProperties) = preSolution
		HideSolutionNode = FALSE
	EndGlobalSection
	GlobalSection(ExtensibilityGlobals) = postSolution
		SolutionGuid = {1B2D9E7A-5474-4EC9-8B4A-61C5C6B5A16E}
	EndGlobalSection
EndGlobal
